
Microsoft Visual Studio Solution File, Format Version 12.00
# Visual Studio Version 17
VisualStudioVersion = 17.0.32014.148
MinimumVisualStudioVersion = 10.0.40219.1
Project("{FAE04EC0-301F-11D3-BF4B-00C04F79EFBC}") = "ChatApp_ASPdotNETCore_SignalR", "ChatApp_ASPdotNETCore_SignalR\ChatApp_ASPdotNETCore_SignalR.csproj", "{EA49B0D7-8D9A-421D-B8CB-C21A557390A3}"
EndProject
Global
	GlobalSection(SolutionConfigurationPlatforms) = preSolution
		Debug|Any CPU = Debug|Any CPU
		Release|Any CPU = Release|Any CPU
	EndGlobalSection
	GlobalSection(ProjectConfigurationPlatforms) = postSolution
		{EA49B0D7-8D9A-421D-B8CB-C21A557390A3}.Debug|Any CPU.ActiveCfg = Debug|Any CPU
		{EA49B0D7-8D9A-421D-B8CB-C21A557390A3}.Debug|Any CPU.Build.0 = Debug|Any CPU
		{EA49B0D7-8D9A-421D-B8CB-C21A557390A3}.Release|Any CPU.ActiveCfg = Release|Any CPU
		{EA49B0D7-8D9A-421D-B8CB-C21A557390A3}.Release|Any CPU.Build.0 = Release|Any CPU
	EndGlobalSection
	GlobalSection(SolutionProperties) = preSolution
		HideSolutionNode = FALSE
	EndGlobalSection
	GlobalSection(ExtensibilityGlobals) = postSolution
		SolutionGuid = {E8759AEF-2CB2-441C-8F9F-A9655CB40927}
	EndGlobalSection
EndGlobal
